DEPENDENCIES
  apt
  java
  ubuntu_java
    path: .
    metadata: true

GRAPH
  apt (5.1.0)
    compat_resource (>= 12.16.3)
  compat_resource (12.19.1)
  homebrew (5.0.8)
  java (4.3.0)
    homebrew (>= 0.0.0)
    windows (>= 0.0.0)
  ubuntu_java (0.1.0)
    apt (~> 5.0)
    java (>= 0.0.0)
  windows (6.0.1)
